
Microsoft Visual Studio Solution File, Format Version 12.00
# Visual Studio 15
VisualStudioVersion = 15.0.27703.2035
MinimumVisualStudioVersion = 10.0.40219.1
Project("{FAE04EC0-301F-11D3-BF4B-00C04F79EFBC}") = "Boissonnot.Nuget.Server", "Boissonnot.Nuget.Server\Boissonnot.Nuget.Server.csproj", "{942AB22D-842F-4F48-8987-17F0FD824D8D}"
EndProject
Global
	GlobalSection(SolutionConfigurationPlatforms) = preSolution
		Debug|Any CPU = Debug|Any CPU
		Release|Any CPU = Release|Any CPU
	EndGlobalSection
	GlobalSection(ProjectConfigurationPlatforms) = postSolution
		{942AB22D-842F-4F48-8987-17F0FD824D8D}.Debug|Any CPU.ActiveCfg = Debug|Any CPU
		{942AB22D-842F-4F48-8987-17F0FD824D8D}.Debug|Any CPU.Build.0 = Debug|Any CPU
		{942AB22D-842F-4F48-8987-17F0FD824D8D}.Release|Any CPU.ActiveCfg = Release|Any CPU
		{942AB22D-842F-4F48-8987-17F0FD824D8D}.Release|Any CPU.Build.0 = Release|Any CPU
	EndGlobalSection
	GlobalSection(SolutionProperties) = preSolution
		HideSolutionNode = FALSE
	EndGlobalSection
	GlobalSection(ExtensibilityGlobals) = postSolution
		SolutionGuid = {5C15A03C-F38C-4FCA-A5C7-9C18930016A9}
	EndGlobalSection
EndGlobal
